// !$*UTF8*$!
{
	archiveVersion = 1;
	classes = {
	};
	objectVersion = 77;
	objects = {

/* Begin PBXBuildFile section */
		07B8C9D0E1F20001078BC9D0 /* GeneralSettingsView.swift in Sources */ = {isa = PBXBuildFile; fileRef = 07B8C9D0E1F200000789C9D0 /* GeneralSettingsView.swift */; };
		18C9D0E1F2030001189CD0E1 /* SettingsViewModelTests.swift in Sources */ = {isa = PBXBuildFile; fileRef = 18C9D0E1F203000018C9D0E1 /* SettingsViewModelTests.swift */; };
		231032A13E1DF3AC2E88A471 /* CountdownView.swift in Sources */ = {isa = PBXBuildFile; fileRef = 8250B78CA3D2581CC6330996 /* CountdownView.swift */; };
		26E017D8774AA2DD7C502229 /* AccessibilitySettings.swift in Sources */ = {isa = PBXBuildFile; fileRef = 5E02A4461D2ECBD4C5D05BE7 /* AccessibilitySettings.swift */; };
		29D0E1F2030400012900E1F2 /* DisplaySettingsView.swift in Sources */ = {isa = PBXBuildFile; fileRef = 29D0E1F203040000290DE1F2 /* DisplaySettingsView.swift */; };
		2DD179E8C276CB5B83348699 /* PermissionGuardTests.swift in Sources */ = {isa = PBXBuildFile; fileRef = B6F175155719238B1F282C46 /* PermissionGuardTests.swift */; };
		56BDA646D0637CE69524B938 /* LockSettings.swift in Sources */ = {isa = PBXBuildFile; fileRef = 35E14C28844CDFE6FDB51D8F /* LockSettings.swift */; };
		A9CFB602EB8143B6919ED31B /* HotkeyRegistering.swift in Sources */ = {isa = PBXBuildFile; fileRef = 41EAD99D13234312B09103E9 /* HotkeyRegistering.swift */; };
		4704ABE9175147EEB405E534 /* CarbonHotkeyRegistrar.swift in Sources */ = {isa = PBXBuildFile; fileRef = 5771588FFE2349B9AF7DA863 /* CarbonHotkeyRegistrar.swift */; };
		6442C28625AB4C46A7F4D0B1 /* HotkeyRecorderView.swift in Sources */ = {isa = PBXBuildFile; fileRef = 121D8945C33848CCA10586AA /* HotkeyRecorderView.swift */; };
		60A226845773371D7045988C /* MenuBarController.swift in Sources */ = {isa = PBXBuildFile; fileRef = 8E8A05E890CBF138C2A4AC65 /* MenuBarController.swift */; };
		633285CEA0075F805CD88236 /* LockManagerStateTests.swift in Sources */ = {isa = PBXBuildFile; fileRef = DC324F48F8185C10CE879A57 /* LockManagerStateTests.swift */; };
		7298DE3F45835C0E1254CDCB /* Assets.xcassets in Resources */ = {isa = PBXBuildFile; fileRef = CCA7467367ECB02679B2C630 /* Assets.xcassets */; };
		83E5E1144110029D0DD56E8B /* AppDelegate.swift in Sources */ = {isa = PBXBuildFile; fileRef = 6128E0350AE5CC8C4460DD97 /* AppDelegate.swift */; };
		865E13739A14CAC3C8187EA5 /* PermissionGuard.swift in Sources */ = {isa = PBXBuildFile; fileRef = 57CC7E8FDC5F76689D248C30 /* PermissionGuard.swift */; };
		95A79BF65EA57AEE92BB7A9F /* TestHelpers.swift in Sources */ = {isa = PBXBuildFile; fileRef = 44E82E6A629CD2F4B5CB08B9 /* TestHelpers.swift */; };
		9C849849619FA5A581FE260C /* WatchdogTests.swift in Sources */ = {isa = PBXBuildFile; fileRef = 82F21590769C32479A8C1D47 /* WatchdogTests.swift */; };
		A1B2C3D4E5F60001A2B3C4D5 /* TwoZoneSlider.swift in Sources */ = {isa = PBXBuildFile; fileRef = A1B2C3D4E5F60000A2B3C4D5 /* TwoZoneSlider.swift */; };
		A1B2C3D4E5F60003A2B3C4D5 /* TwoZoneSliderTests.swift in Sources */ = {isa = PBXBuildFile; fileRef = A1B2C3D4E5F60002A2B3C4D5 /* TwoZoneSliderTests.swift */; };
		A2B3C4D5E6F70001A2B3C4D5 /* HUDLayout.swift in Sources */ = {isa = PBXBuildFile; fileRef = A2B3C4D5E6F70000A2B3C4D5 /* HUDLayout.swift */; };
		A2B3C4D5E6F70003A2B3C4D5 /* HUDLayoutTests.swift in Sources */ = {isa = PBXBuildFile; fileRef = A2B3C4D5E6F70002A2B3C4D5 /* HUDLayoutTests.swift */; };
		B2C3D4E5F6A70001B2C3D4E5 /* QuickPickMenuTests.swift in Sources */ = {isa = PBXBuildFile; fileRef = B2C3D4E5F6A70000B2C3D4E5 /* QuickPickMenuTests.swift */; };
		C02504E55A534CD795C28E2F /* LockState.swift in Sources */ = {isa = PBXBuildFile; fileRef = 423766F7D16736B68811E4B1 /* LockState.swift */; };
		C2B794348E950834CB53BC20 /* CleanKeyTests.swift in Sources */ = {isa = PBXBuildFile; fileRef = 33D4E4FF0FB0F11BD29EA517 /* CleanKeyTests.swift */; };
		C3D4E5F6A7B80001C3D4E5F6 /* QuickPickMenuViewModel.swift in Sources */ = {isa = PBXBuildFile; fileRef = C3D4E5F6A7B80000C3D4E5F6 /* QuickPickMenuViewModel.swift */; };
		D3617B87F638F39CA8BB5450 /* RealEventTapController.swift in Sources */ = {isa = PBXBuildFile; fileRef = 1A8E5D0F68F1459581F954B7 /* RealEventTapController.swift */; };
		D4E5F6A7B8C90001D4E5F6A7 /* SettingsWindowController.swift in Sources */ = {isa = PBXBuildFile; fileRef = D4E5F6A7B8C90000D4E5F6A7 /* SettingsWindowController.swift */; };
		E2982E4009C15D18C770B796 /* LockSettingsTests.swift in Sources */ = {isa = PBXBuildFile; fileRef = BD39292472DAF6A911615771 /* LockSettingsTests.swift */; };
		E5C1909C9051795D3C94C390 /* LockManager.swift in Sources */ = {isa = PBXBuildFile; fileRef = 7EB50C58D1D5CDD85ED95F93 /* LockManager.swift */; };
		E5F6A7B8C9D00001E5F6A7B8 /* SettingsViewModel.swift in Sources */ = {isa = PBXBuildFile; fileRef = E5F6A7B8C9D00000E5F6A7B8 /* SettingsViewModel.swift */; };
		E82CB40CE609213945274554 /* LockOverlayController.swift in Sources */ = {isa = PBXBuildFile; fileRef = BAD631A543B43998363DD8CD /* LockOverlayController.swift */; };
		EF478AA603B8EDDD871418A1 /* main.swift in Sources */ = {isa = PBXBuildFile; fileRef = E3F714A18EFF5CC0A6D003E4 /* main.swift */; };
		F0A1B2C3D4E50001F0A1B2C3 /* LockScopeTests.swift in Sources */ = {isa = PBXBuildFile; fileRef = F0A1B2C3D4E50000F0A1B2C3 /* LockScopeTests.swift */; };
		F41149DBA10D00D3E3F69BD2 /* LockManagerProtocols.swift in Sources */ = {isa = PBXBuildFile; fileRef = 1E531B51B612AAD37588596A /* LockManagerProtocols.swift */; };
		F6A7B8C9D0E10001F6A7B8C9 /* SettingsView.swift in Sources */ = {isa = PBXBuildFile; fileRef = F6A7B8C9D0E10000F6A7B8C9 /* SettingsView.swift */; };
		FBA9A8B20D16001A3BA77BB7 /* RealTrustChecker.swift in Sources */ = {isa = PBXBuildFile; fileRef = 464E14750DE2AEA9C591E20A /* RealTrustChecker.swift */; };
		0B039D96BFD04D67B92D3677 /* LaunchAtLoginManager.swift in Sources */ = {isa = PBXBuildFile; fileRef = A8B38D49580B47639DE1B993 /* LaunchAtLoginManager.swift */; };
		13F32C505DC44B7A9441B01F /* SoundFeedbackPresenter.swift in Sources */ = {isa = PBXBuildFile; fileRef = 80F0AC4690414BADAC35EC66 /* SoundFeedbackPresenter.swift */; };
		D378AAA9AAE644DFB4F5EEAD /* SoundFeedbackPresenterTests.swift in Sources */ = {isa = PBXBuildFile; fileRef = 3F2E6B9BE23E44EEA9607BD5 /* SoundFeedbackPresenterTests.swift */; };
		KA00000000000002KA000002 /* KeepAwakeSettings.swift in Sources */ = {isa = PBXBuildFile; fileRef = KA00000000000001KA000001 /* KeepAwakeSettings.swift */; };
		KA00000000000004KA000004 /* KeepAwakeSettingsTests.swift in Sources */ = {isa = PBXBuildFile; fileRef = KA00000000000003KA000003 /* KeepAwakeSettingsTests.swift */; };
		KA00000000000006KA000006 /* KeepAwakeProtocols.swift in Sources */ = {isa = PBXBuildFile; fileRef = KA00000000000005KA000005 /* KeepAwakeProtocols.swift */; };
		KA00000000000008KA000008 /* RealSleepAssertionController.swift in Sources */ = {isa = PBXBuildFile; fileRef = KA00000000000007KA000007 /* RealSleepAssertionController.swift */; };
		KA00000000000009KA000009 /* KeepAwakeProtocols.swift in Sources */ = {isa = PBXBuildFile; fileRef = KA00000000000005KA000005 /* KeepAwakeProtocols.swift */; };
		KA0000000000010KA000010 /* KeepAwakeManager.swift in Sources */ = {isa = PBXBuildFile; fileRef = KA0000000000009KA000009 /* KeepAwakeManager.swift */; };
		KA0000000000012KA000012 /* KeepAwakeManagerTests.swift in Sources */ = {isa = PBXBuildFile; fileRef = KA0000000000011KA000011 /* KeepAwakeManagerTests.swift */; };
		KA0000000000014KA000014 /* RealPowerSourceObserver.swift in Sources */ = {isa = PBXBuildFile; fileRef = KA0000000000013KA000013 /* RealPowerSourceObserver.swift */; };
		KA0000000000016KA000016 /* KeepAwakeNotifier.swift in Sources */ = {isa = PBXBuildFile; fileRef = KA0000000000015KA000015 /* KeepAwakeNotifier.swift */; };
		KA0000000000020KA000020 /* KeepAwakeSettingsView.swift in Sources */ = {isa = PBXBuildFile; fileRef = KA0000000000019KA000019 /* KeepAwakeSettingsView.swift */; };
/* End PBXBuildFile section */

/* Begin PBXContainerItemProxy section */
		6F9A3D04E2F3E71301B322C6 /* PBXContainerItemProxy */ = {
			isa = PBXContainerItemProxy;
			containerPortal = 861441F3D7D88FED4EBE6AF8 /* Project object */;
			proxyType = 1;
			remoteGlobalIDString = 68DFA0E062BFD50DE117DEE8;
			remoteInfo = CleanKey;
		};
/* End PBXContainerItemProxy section */

/* Begin PBXFileReference section */
		04D1275CA2CDC05A38B7E317 /* CleanKeyTests.xctest */ = {isa = PBXFileReference; explicitFileType = wrapper.cfbundle; includeInIndex = 0; path = CleanKeyTests.xctest; sourceTree = BUILT_PRODUCTS_DIR; };
		07B8C9D0E1F200000789C9D0 /* GeneralSettingsView.swift */ = {isa = PBXFileReference; lastKnownFileType = sourcecode.swift; path = GeneralSettingsView.swift; sourceTree = "<group>"; };
		0C7FFFFE0F678343F65ABFC7 /* Info.plist */ = {isa = PBXFileReference; lastKnownFileType = text.plist; path = Info.plist; sourceTree = "<group>"; };
		18C9D0E1F203000018C9D0E1 /* SettingsViewModelTests.swift */ = {isa = PBXFileReference; lastKnownFileType = sourcecode.swift; path = SettingsViewModelTests.swift; sourceTree = "<group>"; };
		1A8E5D0F68F1459581F954B7 /* RealEventTapController.swift */ = {isa = PBXFileReference; lastKnownFileType = sourcecode.swift; path = RealEventTapController.swift; sourceTree = "<group>"; };
		1E531B51B612AAD37588596A /* LockManagerProtocols.swift */ = {isa = PBXFileReference; lastKnownFileType = sourcecode.swift; path = LockManagerProtocols.swift; sourceTree = "<group>"; };
		29D0E1F203040000290DE1F2 /* DisplaySettingsView.swift */ = {isa = PBXFileReference; lastKnownFileType = sourcecode.swift; path = DisplaySettingsView.swift; sourceTree = "<group>"; };
		33D4E4FF0FB0F11BD29EA517 /* CleanKeyTests.swift */ = {isa = PBXFileReference; lastKnownFileType = sourcecode.swift; path = CleanKeyTests.swift; sourceTree = "<group>"; };
		35E14C28844CDFE6FDB51D8F /* LockSettings.swift */ = {isa = PBXFileReference; lastKnownFileType = sourcecode.swift; path = LockSettings.swift; sourceTree = "<group>"; };
		41EAD99D13234312B09103E9 /* HotkeyRegistering.swift */ = {isa = PBXFileReference; lastKnownFileType = sourcecode.swift; path = HotkeyRegistering.swift; sourceTree = "<group>"; };
		5771588FFE2349B9AF7DA863 /* CarbonHotkeyRegistrar.swift */ = {isa = PBXFileReference; lastKnownFileType = sourcecode.swift; path = CarbonHotkeyRegistrar.swift; sourceTree = "<group>"; };
		121D8945C33848CCA10586AA /* HotkeyRecorderView.swift */ = {isa = PBXFileReference; lastKnownFileType = sourcecode.swift; path = HotkeyRecorderView.swift; sourceTree = "<group>"; };
		423766F7D16736B68811E4B1 /* LockState.swift */ = {isa = PBXFileReference; lastKnownFileType = sourcecode.swift; path = LockState.swift; sourceTree = "<group>"; };
		44E82E6A629CD2F4B5CB08B9 /* TestHelpers.swift */ = {isa = PBXFileReference; lastKnownFileType = sourcecode.swift; path = TestHelpers.swift; sourceTree = "<group>"; };
		464E14750DE2AEA9C591E20A /* RealTrustChecker.swift */ = {isa = PBXFileReference; lastKnownFileType = sourcecode.swift; path = RealTrustChecker.swift; sourceTree = "<group>"; };
		51269EC3F81C2C345B9781CD /* CleanKey.app */ = {isa = PBXFileReference; explicitFileType = wrapper.application; includeInIndex = 0; path = CleanKey.app; sourceTree = BUILT_PRODUCTS_DIR; };
		57CC7E8FDC5F76689D248C30 /* PermissionGuard.swift */ = {isa = PBXFileReference; lastKnownFileType = sourcecode.swift; path = PermissionGuard.swift; sourceTree = "<group>"; };
		5E02A4461D2ECBD4C5D05BE7 /* AccessibilitySettings.swift */ = {isa = PBXFileReference; lastKnownFileType = sourcecode.swift; path = AccessibilitySettings.swift; sourceTree = "<group>"; };
		6128E0350AE5CC8C4460DD97 /* AppDelegate.swift */ = {isa = PBXFileReference; lastKnownFileType = sourcecode.swift; path = AppDelegate.swift; sourceTree = "<group>"; };
		7EB50C58D1D5CDD85ED95F93 /* LockManager.swift */ = {isa = PBXFileReference; lastKnownFileType = sourcecode.swift; path = LockManager.swift; sourceTree = "<group>"; };
		8250B78CA3D2581CC6330996 /* CountdownView.swift */ = {isa = PBXFileReference; lastKnownFileType = sourcecode.swift; path = CountdownView.swift; sourceTree = "<group>"; };
		82F21590769C32479A8C1D47 /* WatchdogTests.swift */ = {isa = PBXFileReference; lastKnownFileType = sourcecode.swift; path = WatchdogTests.swift; sourceTree = "<group>"; };
		8E8A05E890CBF138C2A4AC65 /* MenuBarController.swift */ = {isa = PBXFileReference; lastKnownFileType = sourcecode.swift; path = MenuBarController.swift; sourceTree = "<group>"; };
		A1B2C3D4E5F60000A2B3C4D5 /* TwoZoneSlider.swift */ = {isa = PBXFileReference; lastKnownFileType = sourcecode.swift; path = TwoZoneSlider.swift; sourceTree = "<group>"; };
		A1B2C3D4E5F60002A2B3C4D5 /* TwoZoneSliderTests.swift */ = {isa = PBXFileReference; lastKnownFileType = sourcecode.swift; path = TwoZoneSliderTests.swift; sourceTree = "<group>"; };
		A2B3C4D5E6F70000A2B3C4D5 /* HUDLayout.swift */ = {isa = PBXFileReference; lastKnownFileType = sourcecode.swift; path = HUDLayout.swift; sourceTree = "<group>"; };
		A2B3C4D5E6F70002A2B3C4D5 /* HUDLayoutTests.swift */ = {isa = PBXFileReference; lastKnownFileType = sourcecode.swift; path = HUDLayoutTests.swift; sourceTree = "<group>"; };
		B2C3D4E5F6A70000B2C3D4E5 /* QuickPickMenuTests.swift */ = {isa = PBXFileReference; lastKnownFileType = sourcecode.swift; path = QuickPickMenuTests.swift; sourceTree = "<group>"; };
		B6F175155719238B1F282C46 /* PermissionGuardTests.swift */ = {isa = PBXFileReference; lastKnownFileType = sourcecode.swift; path = PermissionGuardTests.swift; sourceTree = "<group>"; };
		BAD631A543B43998363DD8CD /* LockOverlayController.swift */ = {isa = PBXFileReference; lastKnownFileType = sourcecode.swift; path = LockOverlayController.swift; sourceTree = "<group>"; };
		BD39292472DAF6A911615771 /* LockSettingsTests.swift */ = {isa = PBXFileReference; lastKnownFileType = sourcecode.swift; path = LockSettingsTests.swift; sourceTree = "<group>"; };
		C3D4E5F6A7B80000C3D4E5F6 /* QuickPickMenuViewModel.swift */ = {isa = PBXFileReference; lastKnownFileType = sourcecode.swift; path = QuickPickMenuViewModel.swift; sourceTree = "<group>"; };
		CCA7467367ECB02679B2C630 /* Assets.xcassets */ = {isa = PBXFileReference; lastKnownFileType = folder.assetcatalog; path = Assets.xcassets; sourceTree = "<group>"; };
		D4E5F6A7B8C90000D4E5F6A7 /* SettingsWindowController.swift */ = {isa = PBXFileReference; lastKnownFileType = sourcecode.swift; path = SettingsWindowController.swift; sourceTree = "<group>"; };
		DC324F48F8185C10CE879A57 /* LockManagerStateTests.swift */ = {isa = PBXFileReference; lastKnownFileType = sourcecode.swift; path = LockManagerStateTests.swift; sourceTree = "<group>"; };
		E3F714A18EFF5CC0A6D003E4 /* main.swift */ = {isa = PBXFileReference; lastKnownFileType = sourcecode.swift; path = main.swift; sourceTree = "<group>"; };
		E5F6A7B8C9D00000E5F6A7B8 /* SettingsViewModel.swift */ = {isa = PBXFileReference; lastKnownFileType = sourcecode.swift; path = SettingsViewModel.swift; sourceTree = "<group>"; };
		F0A1B2C3D4E50000F0A1B2C3 /* LockScopeTests.swift */ = {isa = PBXFileReference; lastKnownFileType = sourcecode.swift; path = LockScopeTests.swift; sourceTree = "<group>"; };
		F6A7B8C9D0E10000F6A7B8C9 /* SettingsView.swift */ = {isa = PBXFileReference; lastKnownFileType = sourcecode.swift; path = SettingsView.swift; sourceTree = "<group>"; };
		A8B38D49580B47639DE1B993 /* LaunchAtLoginManager.swift */ = {isa = PBXFileReference; lastKnownFileType = sourcecode.swift; path = LaunchAtLoginManager.swift; sourceTree = "<group>"; };
		80F0AC4690414BADAC35EC66 /* SoundFeedbackPresenter.swift */ = {isa = PBXFileReference; lastKnownFileType = sourcecode.swift; path = SoundFeedbackPresenter.swift; sourceTree = "<group>"; };
		3F2E6B9BE23E44EEA9607BD5 /* SoundFeedbackPresenterTests.swift */ = {isa = PBXFileReference; lastKnownFileType = sourcecode.swift; path = SoundFeedbackPresenterTests.swift; sourceTree = "<group>"; };
		KA00000000000001KA000001 /* KeepAwakeSettings.swift */ = {isa = PBXFileReference; lastKnownFileType = sourcecode.swift; path = KeepAwakeSettings.swift; sourceTree = "<group>"; };
		KA00000000000003KA000003 /* KeepAwakeSettingsTests.swift */ = {isa = PBXFileReference; lastKnownFileType = sourcecode.swift; path = KeepAwakeSettingsTests.swift; sourceTree = "<group>"; };
		KA00000000000005KA000005 /* KeepAwakeProtocols.swift */ = {isa = PBXFileReference; lastKnownFileType = sourcecode.swift; path = KeepAwakeProtocols.swift; sourceTree = "<group>"; };
		KA00000000000007KA000007 /* RealSleepAssertionController.swift */ = {isa = PBXFileReference; lastKnownFileType = sourcecode.swift; path = RealSleepAssertionController.swift; sourceTree = "<group>"; };
		KA0000000000009KA000009 /* KeepAwakeManager.swift */ = {isa = PBXFileReference; lastKnownFileType = sourcecode.swift; path = KeepAwakeManager.swift; sourceTree = "<group>"; };
		KA0000000000011KA000011 /* KeepAwakeManagerTests.swift */ = {isa = PBXFileReference; lastKnownFileType = sourcecode.swift; path = KeepAwakeManagerTests.swift; sourceTree = "<group>"; };
		KA0000000000013KA000013 /* RealPowerSourceObserver.swift */ = {isa = PBXFileReference; lastKnownFileType = sourcecode.swift; path = RealPowerSourceObserver.swift; sourceTree = "<group>"; };
		KA0000000000015KA000015 /* KeepAwakeNotifier.swift */ = {isa = PBXFileReference; lastKnownFileType = sourcecode.swift; path = KeepAwakeNotifier.swift; sourceTree = "<group>"; };
		KA0000000000019KA000019 /* KeepAwakeSettingsView.swift */ = {isa = PBXFileReference; lastKnownFileType = sourcecode.swift; path = KeepAwakeSettingsView.swift; sourceTree = "<group>"; };
/* End PBXFileReference section */

/* Begin PBXGroup section */
		2B7C3405AF1D1BE2684D902F /* CleanKey */ = {
			isa = PBXGroup;
			children = (
				5E02A4461D2ECBD4C5D05BE7 /* AccessibilitySettings.swift */,
				6128E0350AE5CC8C4460DD97 /* AppDelegate.swift */,
				CCA7467367ECB02679B2C630 /* Assets.xcassets */,
				0C7FFFFE0F678343F65ABFC7 /* Info.plist */,
				7EB50C58D1D5CDD85ED95F93 /* LockManager.swift */,
				1E531B51B612AAD37588596A /* LockManagerProtocols.swift */,
				BAD631A543B43998363DD8CD /* LockOverlayController.swift */,
				A8B38D49580B47639DE1B993 /* LaunchAtLoginManager.swift */,
				35E14C28844CDFE6FDB51D8F /* LockSettings.swift */,
				41EAD99D13234312B09103E9 /* HotkeyRegistering.swift */,
				5771588FFE2349B9AF7DA863 /* CarbonHotkeyRegistrar.swift */,
				KA00000000000001KA000001 /* KeepAwakeSettings.swift */,
				KA00000000000005KA000005 /* KeepAwakeProtocols.swift */,
				KA00000000000007KA000007 /* RealSleepAssertionController.swift */,
				KA0000000000013KA000013 /* RealPowerSourceObserver.swift */,
				KA0000000000015KA000015 /* KeepAwakeNotifier.swift */,
				KA0000000000009KA000009 /* KeepAwakeManager.swift */,
				80F0AC4690414BADAC35EC66 /* SoundFeedbackPresenter.swift */,
				423766F7D16736B68811E4B1 /* LockState.swift */,
				E3F714A18EFF5CC0A6D003E4 /* main.swift */,
				8E8A05E890CBF138C2A4AC65 /* MenuBarController.swift */,
				57CC7E8FDC5F76689D248C30 /* PermissionGuard.swift */,
				1A8E5D0F68F1459581F954B7 /* RealEventTapController.swift */,
				464E14750DE2AEA9C591E20A /* RealTrustChecker.swift */,
				A1B2C3D4E5F60000A2B3C4D5 /* TwoZoneSlider.swift */,
				A2B3C4D5E6F70000A2B3C4D5 /* HUDLayout.swift */,
				C3D4E5F6A7B80000C3D4E5F6 /* QuickPickMenuViewModel.swift */,
				D4E5F6A7B8C90000D4E5F6A7 /* SettingsWindowController.swift */,
				E5F6A7B8C9D00000E5F6A7B8 /* SettingsViewModel.swift */,
				BC3E3A290D07F1B457BB1568 /* Views */,
			);
			path = CleanKey;
			sourceTree = "<group>";
		};
		4895E377A7FCFDC79199116E /* CleanKeyTests */ = {
			isa = PBXGroup;
			children = (
				33D4E4FF0FB0F11BD29EA517 /* CleanKeyTests.swift */,
				DC324F48F8185C10CE879A57 /* LockManagerStateTests.swift */,
				BD39292472DAF6A911615771 /* LockSettingsTests.swift */,
				B6F175155719238B1F282C46 /* PermissionGuardTests.swift */,
				44E82E6A629CD2F4B5CB08B9 /* TestHelpers.swift */,
				B2C3D4E5F6A70000B2C3D4E5 /* QuickPickMenuTests.swift */,
				A1B2C3D4E5F60002A2B3C4D5 /* TwoZoneSliderTests.swift */,
				18C9D0E1F203000018C9D0E1 /* SettingsViewModelTests.swift */,
				82F21590769C32479A8C1D47 /* WatchdogTests.swift */,
				F0A1B2C3D4E50000F0A1B2C3 /* LockScopeTests.swift */,
				A2B3C4D5E6F70002A2B3C4D5 /* HUDLayoutTests.swift */,
				3F2E6B9BE23E44EEA9607BD5 /* SoundFeedbackPresenterTests.swift */,
				KA00000000000003KA000003 /* KeepAwakeSettingsTests.swift */,
				KA0000000000011KA000011 /* KeepAwakeManagerTests.swift */,
			);
			path = CleanKeyTests;
			sourceTree = "<group>";
		};
		7ECA6B9B4C4CADDB4382DF43 = {
			isa = PBXGroup;
			children = (
				2B7C3405AF1D1BE2684D902F /* CleanKey */,
				4895E377A7FCFDC79199116E /* CleanKeyTests */,
				BB580FE47B0DDE6B7CA58C91 /* Products */,
			);
			sourceTree = "<group>";
		};
		BB580FE47B0DDE6B7CA58C91 /* Products */ = {
			isa = PBXGroup;
			children = (
				51269EC3F81C2C345B9781CD /* CleanKey.app */,
				04D1275CA2CDC05A38B7E317 /* CleanKeyTests.xctest */,
			);
			name = Products;
			sourceTree = "<group>";
		};
		BC3E3A290D07F1B457BB1568 /* Views */ = {
			isa = PBXGroup;
			children = (
				8250B78CA3D2581CC6330996 /* CountdownView.swift */,
				F6A7B8C9D0E10000F6A7B8C9 /* SettingsView.swift */,
				07B8C9D0E1F200000789C9D0 /* GeneralSettingsView.swift */,
				121D8945C33848CCA10586AA /* HotkeyRecorderView.swift */,
				29D0E1F203040000290DE1F2 /* DisplaySettingsView.swift */,
				KA0000000000019KA000019 /* KeepAwakeSettingsView.swift */,
			);
			path = Views;
			sourceTree = "<group>";
		};
/* End PBXGroup section */

/* Begin PBXNativeTarget section */
		1693ADBA490419D2BED8525B /* CleanKeyTests */ = {
			isa = PBXNativeTarget;
			buildConfigurationList = D5029CCA38E169BE5B7E046D /* Build configuration list for PBXNativeTarget "CleanKeyTests" */;
			buildPhases = (
				B1B5930CEEB701C1188577EA /* Sources */,
			);
			buildRules = (
			);
			dependencies = (
				C7A5E6DDDA2EA55F534A14EB /* PBXTargetDependency */,
			);
			name = CleanKeyTests;
			packageProductDependencies = (
			);
			productName = CleanKeyTests;
			productReference = 04D1275CA2CDC05A38B7E317 /* CleanKeyTests.xctest */;
			productType = "com.apple.product-type.bundle.unit-test";
		};
		68DFA0E062BFD50DE117DEE8 /* CleanKey */ = {
			isa = PBXNativeTarget;
			buildConfigurationList = 343AC90BB3E8CC91B5E22BB7 /* Build configuration list for PBXNativeTarget "CleanKey" */;
			buildPhases = (
				300AE558A5419613F191BD01 /* Sources */,
				AA96EEBCEEC36E170C1864A9 /* Resources */,
			);
			buildRules = (
			);
			dependencies = (
			);
			name = CleanKey;
			packageProductDependencies = (
			);
			productName = CleanKey;
			productReference = 51269EC3F81C2C345B9781CD /* CleanKey.app */;
			productType = "com.apple.product-type.application";
		};
/* End PBXNativeTarget section */

/* Begin PBXProject section */
		861441F3D7D88FED4EBE6AF8 /* Project object */ = {
			isa = PBXProject;
			attributes = {
				BuildIndependentTargetsInParallel = YES;
				LastUpgradeCheck = 2650;
				TargetAttributes = {
					1693ADBA490419D2BED8525B = {
						DevelopmentTeam = "";
						ProvisioningStyle = Automatic;
					};
					68DFA0E062BFD50DE117DEE8 = {
						ProvisioningStyle = Automatic;
					};
				};
			};
			buildConfigurationList = AAC1261B5A6908005E75B7C0 /* Build configuration list for PBXProject "CleanKey" */;
			developmentRegion = en;
			hasScannedForEncodings = 0;
			knownRegions = (
				Base,
				en,
			);
			mainGroup = 7ECA6B9B4C4CADDB4382DF43;
			minimizedProjectReferenceProxies = 1;
			preferredProjectObjectVersion = 77;
			productRefGroup = BB580FE47B0DDE6B7CA58C91 /* Products */;
			projectDirPath = "";
			projectRoot = "";
			targets = (
				68DFA0E062BFD50DE117DEE8 /* CleanKey */,
				1693ADBA490419D2BED8525B /* CleanKeyTests */,
			);
		};
/* End PBXProject section */

/* Begin PBXResourcesBuildPhase section */
		AA96EEBCEEC36E170C1864A9 /* Resources */ = {
			isa = PBXResourcesBuildPhase;
			buildActionMask = 2147483647;
			files = (
				7298DE3F45835C0E1254CDCB /* Assets.xcassets in Resources */,
			);
			runOnlyForDeploymentPostprocessing = 0;
		};
/* End PBXResourcesBuildPhase section */

/* Begin PBXSourcesBuildPhase section */
		300AE558A5419613F191BD01 /* Sources */ = {
			isa = PBXSourcesBuildPhase;
			buildActionMask = 2147483647;
			files = (
				26E017D8774AA2DD7C502229 /* AccessibilitySettings.swift in Sources */,
				83E5E1144110029D0DD56E8B /* AppDelegate.swift in Sources */,
				231032A13E1DF3AC2E88A471 /* CountdownView.swift in Sources */,
				E5C1909C9051795D3C94C390 /* LockManager.swift in Sources */,
				F41149DBA10D00D3E3F69BD2 /* LockManagerProtocols.swift in Sources */,
				E82CB40CE609213945274554 /* LockOverlayController.swift in Sources */,
				56BDA646D0637CE69524B938 /* LockSettings.swift in Sources */,
				A9CFB602EB8143B6919ED31B /* HotkeyRegistering.swift in Sources */,
				4704ABE9175147EEB405E534 /* CarbonHotkeyRegistrar.swift in Sources */,
				6442C28625AB4C46A7F4D0B1 /* HotkeyRecorderView.swift in Sources */,
				KA00000000000002KA000002 /* KeepAwakeSettings.swift in Sources */,
				KA00000000000006KA000006 /* KeepAwakeProtocols.swift in Sources */,
				KA00000000000008KA000008 /* RealSleepAssertionController.swift in Sources */,
				KA0000000000014KA000014 /* RealPowerSourceObserver.swift in Sources */,
				KA0000000000016KA000016 /* KeepAwakeNotifier.swift in Sources */,
				KA0000000000010KA000010 /* KeepAwakeManager.swift in Sources */,
				C02504E55A534CD795C28E2F /* LockState.swift in Sources */,
				60A226845773371D7045988C /* MenuBarController.swift in Sources */,
				865E13739A14CAC3C8187EA5 /* PermissionGuard.swift in Sources */,
				D3617B87F638F39CA8BB5450 /* RealEventTapController.swift in Sources */,
				FBA9A8B20D16001A3BA77BB7 /* RealTrustChecker.swift in Sources */,
				C3D4E5F6A7B80001C3D4E5F6 /* QuickPickMenuViewModel.swift in Sources */,
				D4E5F6A7B8C90001D4E5F6A7 /* SettingsWindowController.swift in Sources */,
				E5F6A7B8C9D00001E5F6A7B8 /* SettingsViewModel.swift in Sources */,
				F6A7B8C9D0E10001F6A7B8C9 /* SettingsView.swift in Sources */,
				07B8C9D0E1F20001078BC9D0 /* GeneralSettingsView.swift in Sources */,
				29D0E1F2030400012900E1F2 /* DisplaySettingsView.swift in Sources */,
				KA0000000000020KA000020 /* KeepAwakeSettingsView.swift in Sources */,
				A1B2C3D4E5F60001A2B3C4D5 /* TwoZoneSlider.swift in Sources */,
				A2B3C4D5E6F70001A2B3C4D5 /* HUDLayout.swift in Sources */,
				EF478AA603B8EDDD871418A1 /* main.swift in Sources */,
				0B039D96BFD04D67B92D3677 /* LaunchAtLoginManager.swift in Sources */,
				13F32C505DC44B7A9441B01F /* SoundFeedbackPresenter.swift in Sources */,
			);
			runOnlyForDeploymentPostprocessing = 0;
		};
		B1B5930CEEB701C1188577EA /* Sources */ = {
			isa = PBXSourcesBuildPhase;
			buildActionMask = 2147483647;
			files = (
				C2B794348E950834CB53BC20 /* CleanKeyTests.swift in Sources */,
				633285CEA0075F805CD88236 /* LockManagerStateTests.swift in Sources */,
				E2982E4009C15D18C770B796 /* LockSettingsTests.swift in Sources */,
				2DD179E8C276CB5B83348699 /* PermissionGuardTests.swift in Sources */,
				95A79BF65EA57AEE92BB7A9F /* TestHelpers.swift in Sources */,
				B2C3D4E5F6A70001B2C3D4E5 /* QuickPickMenuTests.swift in Sources */,
				A1B2C3D4E5F60003A2B3C4D5 /* TwoZoneSliderTests.swift in Sources */,
				18C9D0E1F2030001189CD0E1 /* SettingsViewModelTests.swift in Sources */,
				9C849849619FA5A581FE260C /* WatchdogTests.swift in Sources */,
				F0A1B2C3D4E50001F0A1B2C3 /* LockScopeTests.swift in Sources */,
				A2B3C4D5E6F70003A2B3C4D5 /* HUDLayoutTests.swift in Sources */,
				D378AAA9AAE644DFB4F5EEAD /* SoundFeedbackPresenterTests.swift in Sources */,
				KA00000000000004KA000004 /* KeepAwakeSettingsTests.swift in Sources */,
				KA0000000000012KA000012 /* KeepAwakeManagerTests.swift in Sources */,
			);
			runOnlyForDeploymentPostprocessing = 0;
		};
/* End PBXSourcesBuildPhase section */

/* Begin PBXTargetDependency section */
		C7A5E6DDDA2EA55F534A14EB /* PBXTargetDependency */ = {
			isa = PBXTargetDependency;
			target = 68DFA0E062BFD50DE117DEE8 /* CleanKey */;
			targetProxy = 6F9A3D04E2F3E71301B322C6 /* PBXContainerItemProxy */;
		};
/* End PBXTargetDependency section */

/* Begin XCBuildConfiguration section */
		39EAF09AF016EE27693D05B7 /* Release */ = {
			isa = XCBuildConfiguration;
			buildSettings = {
				ALWAYS_SEARCH_USER_PATHS = NO;
				CLANG_ANALYZER_NONNULL = YES;
				CLANG_ANALYZER_NUMBER_OBJECT_CONVERSION = YES_AGGRESSIVE;
				CLANG_CXX_LANGUAGE_STANDARD = "gnu++14";
				CLANG_CXX_LIBRARY = "libc++";
				CLANG_ENABLE_MODULES = YES;
				CLANG_ENABLE_OBJC_ARC = YES;
				CLANG_ENABLE_OBJC_WEAK = YES;
				CLANG_WARN_BLOCK_CAPTURE_AUTORELEASING = YES;
				CLANG_WARN_BOOL_CONVERSION = YES;
				CLANG_WARN_COMMA = YES;
				CLANG_WARN_CONSTANT_CONVERSION = YES;
				CLANG_WARN_DEPRECATED_OBJC_IMPLEMENTATIONS = YES;
				CLANG_WARN_DIRECT_OBJC_ISA_USAGE = YES_ERROR;
				CLANG_WARN_DOCUMENTATION_COMMENTS = YES;
				CLANG_WARN_EMPTY_BODY = YES;
				CLANG_WARN_ENUM_CONVERSION = YES;
				CLANG_WARN_INFINITE_RECURSION = YES;
				CLANG_WARN_INT_CONVERSION = YES;
				CLANG_WARN_NON_LITERAL_NULL_CONVERSION = YES;
				CLANG_WARN_OBJC_IMPLICIT_RETAIN_SELF = YES;
				CLANG_WARN_OBJC_LITERAL_CONVERSION = YES;
				CLANG_WARN_OBJC_ROOT_CLASS = YES_ERROR;
				CLANG_WARN_QUOTED_INCLUDE_IN_FRAMEWORK_HEADER = YES;
				CLANG_WARN_RANGE_LOOP_ANALYSIS = YES;
				CLANG_WARN_STRICT_PROTOTYPES = YES;
				CLANG_WARN_SUSPICIOUS_MOVE = YES;
				CLANG_WARN_UNGUARDED_AVAILABILITY = YES_AGGRESSIVE;
				CLANG_WARN_UNREACHABLE_CODE = YES;
				CLANG_WARN__DUPLICATE_METHOD_MATCH = YES;
				CODE_SIGN_STYLE = Automatic;
				COPY_PHASE_STRIP = NO;
				DEAD_CODE_STRIPPING = YES;
				DEBUG_INFORMATION_FORMAT = "dwarf-with-dsym";
				DEVELOPMENT_TEAM = "";
				ENABLE_HARDENED_RUNTIME = YES;
				ENABLE_NS_ASSERTIONS = NO;
				ENABLE_STRICT_OBJC_MSGSEND = YES;
				ENABLE_USER_SCRIPT_SANDBOXING = YES;
				GCC_C_LANGUAGE_STANDARD = gnu11;
				GCC_NO_COMMON_BLOCKS = YES;
				GCC_WARN_64_TO_32_BIT_CONVERSION = YES;
				GCC_WARN_ABOUT_RETURN_TYPE = YES_ERROR;
				GCC_WARN_UNDECLARED_SELECTOR = YES;
				GCC_WARN_UNINITIALIZED_AUTOS = YES_AGGRESSIVE;
				GCC_WARN_UNUSED_FUNCTION = YES;
				GCC_WARN_UNUSED_VARIABLE = YES;
				MACOSX_DEPLOYMENT_TARGET = 14.0;
				MTL_ENABLE_DEBUG_INFO = NO;
				MTL_FAST_MATH = YES;
				PRODUCT_NAME = "$(TARGET_NAME)";
				SDKROOT = macosx;
				STRING_CATALOG_GENERATE_SYMBOLS = YES;
				SWIFT_COMPILATION_MODE = wholemodule;
				SWIFT_OPTIMIZATION_LEVEL = "-O";
				SWIFT_VERSION = 6.0;
			};
			name = Release;
		};
		6DA2FB8FC6F6292205542727 /* Debug */ = {
			isa = XCBuildConfiguration;
			buildSettings = {
				ASSETCATALOG_COMPILER_APPICON_NAME = AppIcon;
				CODE_SIGN_ENTITLEMENTS = CleanKey/CleanKey.entitlements;
				COMBINE_HIDPI_IMAGES = YES;
				DEAD_CODE_STRIPPING = YES;
				DEVELOPMENT_TEAM = T7H24G7BFW;
				ENABLE_APP_SANDBOX = NO;
				INFOPLIST_FILE = CleanKey/Info.plist;
				LD_RUNPATH_SEARCH_PATHS = (
					"$(inherited)",
					"@executable_path/../Frameworks",
				);
				MACOSX_DEPLOYMENT_TARGET = 14.0;
				PRODUCT_BUNDLE_IDENTIFIER = it.stefer.CleanKey;
				SDKROOT = macosx;
				SWIFT_VERSION = 6.0;
			};
			name = Debug;
		};
		B05BB42AA3078A248BF1514F /* Debug */ = {
			isa = XCBuildConfiguration;
			buildSettings = {
				BUNDLE_LOADER = "$(TEST_HOST)";
				COMBINE_HIDPI_IMAGES = YES;
				DEAD_CODE_STRIPPING = YES;
				GENERATE_INFOPLIST_FILE = YES;
				LD_RUNPATH_SEARCH_PATHS = (
					"$(inherited)",
					"@executable_path/../Frameworks",
					"@loader_path/../Frameworks",
				);
				MACOSX_DEPLOYMENT_TARGET = 14.0;
				PRODUCT_BUNDLE_IDENTIFIER = it.stefer.CleanKeyTests;
				SDKROOT = macosx;
				SWIFT_VERSION = 6.0;
				TEST_HOST = "$(BUILT_PRODUCTS_DIR)/CleanKey.app/Contents/MacOS/CleanKey";
			};
			name = Debug;
		};
		B7B6C438607E178DDCDE8A0A /* Debug */ = {
			isa = XCBuildConfiguration;
			buildSettings = {
				ALWAYS_SEARCH_USER_PATHS = NO;
				CLANG_ANALYZER_NONNULL = YES;
				CLANG_ANALYZER_NUMBER_OBJECT_CONVERSION = YES_AGGRESSIVE;
				CLANG_CXX_LANGUAGE_STANDARD = "gnu++14";
				CLANG_CXX_LIBRARY = "libc++";
				CLANG_ENABLE_MODULES = YES;
				CLANG_ENABLE_OBJC_ARC = YES;
				CLANG_ENABLE_OBJC_WEAK = YES;
				CLANG_WARN_BLOCK_CAPTURE_AUTORELEASING = YES;
				CLANG_WARN_BOOL_CONVERSION = YES;
				CLANG_WARN_COMMA = YES;
				CLANG_WARN_CONSTANT_CONVERSION = YES;
				CLANG_WARN_DEPRECATED_OBJC_IMPLEMENTATIONS = YES;
				CLANG_WARN_DIRECT_OBJC_ISA_USAGE = YES_ERROR;
				CLANG_WARN_DOCUMENTATION_COMMENTS = YES;
				CLANG_WARN_EMPTY_BODY = YES;
				CLANG_WARN_ENUM_CONVERSION = YES;
				CLANG_WARN_INFINITE_RECURSION = YES;
				CLANG_WARN_INT_CONVERSION = YES;
				CLANG_WARN_NON_LITERAL_NULL_CONVERSION = YES;
				CLANG_WARN_OBJC_IMPLICIT_RETAIN_SELF = YES;
				CLANG_WARN_OBJC_LITERAL_CONVERSION = YES;
				CLANG_WARN_OBJC_ROOT_CLASS = YES_ERROR;
				CLANG_WARN_QUOTED_INCLUDE_IN_FRAMEWORK_HEADER = YES;
				CLANG_WARN_RANGE_LOOP_ANALYSIS = YES;
				CLANG_WARN_STRICT_PROTOTYPES = YES;
				CLANG_WARN_SUSPICIOUS_MOVE = YES;
				CLANG_WARN_UNGUARDED_AVAILABILITY = YES_AGGRESSIVE;
				CLANG_WARN_UNREACHABLE_CODE = YES;
				CLANG_WARN__DUPLICATE_METHOD_MATCH = YES;
				CODE_SIGN_STYLE = Automatic;
				COPY_PHASE_STRIP = NO;
				DEAD_CODE_STRIPPING = YES;
				DEBUG_INFORMATION_FORMAT = dwarf;
				DEVELOPMENT_TEAM = "";
				ENABLE_HARDENED_RUNTIME = YES;
				ENABLE_STRICT_OBJC_MSGSEND = YES;
				ENABLE_TESTABILITY = YES;
				ENABLE_USER_SCRIPT_SANDBOXING = YES;
				GCC_C_LANGUAGE_STANDARD = gnu11;
				GCC_DYNAMIC_NO_PIC = NO;
				GCC_NO_COMMON_BLOCKS = YES;
				GCC_OPTIMIZATION_LEVEL = 0;
				GCC_PREPROCESSOR_DEFINITIONS = (
					"$(inherited)",
					"DEBUG=1",
				);
				GCC_WARN_64_TO_32_BIT_CONVERSION = YES;
				GCC_WARN_ABOUT_RETURN_TYPE = YES_ERROR;
				GCC_WARN_UNDECLARED_SELECTOR = YES;
				GCC_WARN_UNINITIALIZED_AUTOS = YES_AGGRESSIVE;
				GCC_WARN_UNUSED_FUNCTION = YES;
				GCC_WARN_UNUSED_VARIABLE = YES;
				MACOSX_DEPLOYMENT_TARGET = 14.0;
				MTL_ENABLE_DEBUG_INFO = INCLUDE_SOURCE;
				MTL_FAST_MATH = YES;
				ONLY_ACTIVE_ARCH = YES;
				PRODUCT_NAME = "$(TARGET_NAME)";
				SDKROOT = macosx;
				STRING_CATALOG_GENERATE_SYMBOLS = YES;
				SWIFT_ACTIVE_COMPILATION_CONDITIONS = DEBUG;
				SWIFT_OPTIMIZATION_LEVEL = "-Onone";
				SWIFT_VERSION = 6.0;
			};
			name = Debug;
		};
		C87DDD8AE397FC0B5C7C4E20 /* Release */ = {
			isa = XCBuildConfiguration;
			buildSettings = {
				BUNDLE_LOADER = "$(TEST_HOST)";
				COMBINE_HIDPI_IMAGES = YES;
				DEAD_CODE_STRIPPING = YES;
				GENERATE_INFOPLIST_FILE = YES;
				LD_RUNPATH_SEARCH_PATHS = (
					"$(inherited)",
					"@executable_path/../Frameworks",
					"@loader_path/../Frameworks",
				);
				MACOSX_DEPLOYMENT_TARGET = 14.0;
				PRODUCT_BUNDLE_IDENTIFIER = it.stefer.CleanKeyTests;
				SDKROOT = macosx;
				SWIFT_VERSION = 6.0;
				TEST_HOST = "$(BUILT_PRODUCTS_DIR)/CleanKey.app/Contents/MacOS/CleanKey";
			};
			name = Release;
		};
		ECEB46686694FEC32B520742 /* Release */ = {
			isa = XCBuildConfiguration;
			buildSettings = {
				ASSETCATALOG_COMPILER_APPICON_NAME = AppIcon;
				CODE_SIGN_ENTITLEMENTS = CleanKey/CleanKey.entitlements;
				COMBINE_HIDPI_IMAGES = YES;
				DEAD_CODE_STRIPPING = YES;
				DEVELOPMENT_TEAM = T7H24G7BFW;
				ENABLE_APP_SANDBOX = NO;
				INFOPLIST_FILE = CleanKey/Info.plist;
				LD_RUNPATH_SEARCH_PATHS = (
					"$(inherited)",
					"@executable_path/../Frameworks",
				);
				MACOSX_DEPLOYMENT_TARGET = 14.0;
				PRODUCT_BUNDLE_IDENTIFIER = it.stefer.CleanKey;
				SDKROOT = macosx;
				SWIFT_VERSION = 6.0;
			};
			name = Release;
		};
/* End XCBuildConfiguration section */

/* Begin XCConfigurationList section */
		343AC90BB3E8CC91B5E22BB7 /* Build configuration list for PBXNativeTarget "CleanKey" */ = {
			isa = XCConfigurationList;
			buildConfigurations = (
				6DA2FB8FC6F6292205542727 /* Debug */,
				ECEB46686694FEC32B520742 /* Release */,
			);
			defaultConfigurationIsVisible = 0;
			defaultConfigurationName = Debug;
		};
		AAC1261B5A6908005E75B7C0 /* Build configuration list for PBXProject "CleanKey" */ = {
			isa = XCConfigurationList;
			buildConfigurations = (
				B7B6C438607E178DDCDE8A0A /* Debug */,
				39EAF09AF016EE27693D05B7 /* Release */,
			);
			defaultConfigurationIsVisible = 0;
			defaultConfigurationName = Debug;
		};
		D5029CCA38E169BE5B7E046D /* Build configuration list for PBXNativeTarget "CleanKeyTests" */ = {
			isa = XCConfigurationList;
			buildConfigurations = (
				B05BB42AA3078A248BF1514F /* Debug */,
				C87DDD8AE397FC0B5C7C4E20 /* Release */,
			);
			defaultConfigurationIsVisible = 0;
			defaultConfigurationName = Debug;
		};
/* End XCConfigurationList section */
	};
	rootObject = 861441F3D7D88FED4EBE6AF8 /* Project object */;
}
